PODS:
  - Alamofire (4.9.1)
  - IQKeyboardManagerSwift (6.0.5)
  - JGProgressHUD (2.2)
  - Kingfisher (7.4.1)
  - ReachabilitySwift (5.0.0)

DEPENDENCIES:
  - Alamofire (~> 4.7)
  - IQKeyboardManagerSwift (~> 6.0.4)
  - JGProgressHUD
  - Kingfisher
  - ReachabilitySwift

SPEC REPOS:
  trunk:
    - Alamofire
    - IQKeyboardManagerSwift
    - JGProgressHUD
    - Kingfisher
    - ReachabilitySwift

SPEC CHECKSUMS:
  Alamofire: 85e8a02c69d6020a0d734f6054870d7ecb75cf18
  IQKeyboardManagerSwift: c14eca30f6001457d6ddf25e313f23fb6578c41c
  JGProgressHUD: d83d7a981b85d11205e19ff8ad5bb9c40571c847
  Kingfisher: cd762a593a61b2fbecf7645c00f9a801a3ebfc9c
  ReachabilitySwift: 985039c6f7b23a1da463388634119492ff86c825

PODFILE CHECKSUM: 1d553b91d769feb8020fea50313a9ca79b969191

COCOAPODS: 1.11.3
